
Microsoft Visual Studio Solution File, Format Version 12.00
# Visual Studio Version 16
VisualStudioVersion = 16.0.30104.148
MinimumVisualStudioVersion = 10.0.40219.1
Project("{FAE04EC0-301F-11D3-BF4B-00C04F79EFBC}") = "MinuBot", "MinuBot\MinuBot.csproj", "{4CD53131-2962-4913-8A1C-984477366610}"
EndProject
Global
	GlobalSection(SolutionConfigurationPlatforms) = preSolution
		Debug|Any CPU = Debug|Any CPU
		Release|Any CPU = Release|Any CPU
	EndGlobalSection
	GlobalSection(ProjectConfigurationPlatforms) = postSolution
		{4CD53131-2962-4913-8A1C-984477366610}.Debug|Any CPU.ActiveCfg = Debug|Any CPU
		{4CD53131-2962-4913-8A1C-984477366610}.Debug|Any CPU.Build.0 = Debug|Any CPU
		{4CD53131-2962-4913-8A1C-984477366610}.Release|Any CPU.ActiveCfg = Release|Any CPU
		{4CD53131-2962-4913-8A1C-984477366610}.Release|Any CPU.Build.0 = Release|Any CPU
	EndGlobalSection
	GlobalSection(SolutionProperties) = preSolution
		HideSolutionNode = FALSE
	EndGlobalSection
	GlobalSection(ExtensibilityGlobals) = postSolution
		SolutionGuid = {DF0F1E11-059B-4815-BB26-4D092BDE2EA7}
	EndGlobalSection
EndGlobal
